
Microsoft Visual Studio Solution File, Format Version 12.00
# Visual Studio Version 16
VisualStudioVersion = 16.0.29709.97
MinimumVisualStudioVersion = 10.0.40219.1
Project("{FAE04EC0-301F-11D3-BF4B-00C04F79EFBC}") = "EightQueens", "EightQueens\EightQueens.csproj", "{0CA705B3-BDD2-44E7-A32D-B456A6E0F994}"
EndProject
Global
	GlobalSection(SolutionConfigurationPlatforms) = preSolution
		Debug|Any CPU = Debug|Any CPU
		Release|Any CPU = Release|Any CPU
	EndGlobalSection
	GlobalSection(ProjectConfigurationPlatforms) = postSolution
		{0CA705B3-BDD2-44E7-A32D-B456A6E0F994}.Debug|Any CPU.ActiveCfg = Debug|Any CPU
		{0CA705B3-BDD2-44E7-A32D-B456A6E0F994}.Debug|Any CPU.Build.0 = Debug|Any CPU
		{0CA705B3-BDD2-44E7-A32D-B456A6E0F994}.Release|Any CPU.ActiveCfg = Release|Any CPU
		{0CA705B3-BDD2-44E7-A32D-B456A6E0F994}.Release|Any CPU.Build.0 = Release|Any CPU
	EndGlobalSection
	GlobalSection(SolutionProperties) = preSolution
		HideSolutionNode = FALSE
	EndGlobalSection
	GlobalSection(ExtensibilityGlobals) = postSolution
		SolutionGuid = {E9EB144E-0D31-41B2-85E2-AAC812E0FAC9}
	EndGlobalSection
EndGlobal
